github.com/coopernurse/gorp v1.6.2-0.20141208005834-236e1383df4c h1:ZPZPlyzvrXG672C6jiMkDqIQXK6ekn7rFAxpTU33Tt4=
github.com/coopernurse/gorp v1.6.2-0.20141208005834-236e1383df4c/go.mod h1:wkfIkQktc4uuBo0kLNE8tMMN9okbsTa2orfZvBaL9F8=
github.com/go-sql-driver/mysql v1.5.0 h1:ozyZYNQW3x3HtqT1jira07DN2PArx2v7/mN66gGcHOs=
github.com/go-sql-driver/mysql v1.5.0/go.mod h1:DCzpHaOWr8IXmIStZouvnhqoel9Qv2LBy8hT2VhHyBg=
github.com/lib/pq v1.7.0 h1:h93mCPfUSkaul3Ka/VG8uZdmW1uMHDGxzu0NWHuJmHY=
github.com/lib/pq v1.7.0/go.mod h1:AlVN5x4E4T544tWzH6hKfbfQvm3HdbOxrmggDNAPY9o=
github.com/mattn/go-sqlite3 v1.2.1-0.20170407154627-cf7286f069c3 h1:e5KQ62MmaYQ0RqL4So5ssEDgNuVoXed4lfuhLBxsVWI=
github.com/mattn/go-sqlite3 v1.2.1-0.20170407154627-cf7286f069c3/go.mod h1:FPy6KqzDD04eiIsT53CuJW3U88zkxoIYsOqkbpncsNc=
github.com/ziutek/mymysql v1.5.4 h1:GB0qdRGsTwQSBVYuVShFBKaXSnSnYYC2d9knnE1LHFs=
github.com/ziutek/mymysql v1.5.4/go.mod h1:LMSpPZ6DbqWFxNCHW77HeMg9I646SAhApZ/wKdgO/C0=
golang.org/x/net v0.0.0-20170503120255-feeb485667d1 h1:ED1ux2Gd2RrNOJ0GyENgOJEhK1yAo6Xx/+CNrzZlcig=
golang.org/x/net v0.0.0-20170503120255-feeb485667d1/go.mod h1:mL1N/T3taQHkDXs73rZJwtUhF3w3ftmwwsq0BUmARs4=
