# This file is autogenerated, do not edit; changes may be undone by the next 'dep ensure'.


[[projects]]
  branch = "master"
  name = "github.com/coopernurse/gorp"
  packages = ["."]
  revision = "236e1383df4c6b402e251d3fe2dcea50dab1faf1"

[[projects]]
  branch = "master"
  name = "github.com/mattn/go-sqlite3"
  packages = ["."]
  revision = "cf7286f069c3ef596efcc87781a4653a2e7607bd"

[[projects]]
  branch = "master"
  name = "golang.org/x/net"
  packages = ["context"]
  revision = "feeb485667d1fdabe727840fe00adc22431bc86e"

[solve-meta]
  analyzer-name = "dep"
  analyzer-version = 1
  inputs-digest = "1f1d5928eb9c306d42831a9b9d96e1ef8d11095cd843a3222acd869ee999f650"
  solver-name = "gps-cdcl"
  solver-version = 1
